
Microsoft Visual Studio Solution File, Format Version 12.00
# Visual Studio Version 16
VisualStudioVersion = 16.0.30804.86
MinimumVisualStudioVersion = 10.0.40219.1
Project("{9A19103F-16F7-4668-BE54-9A1E7A4F7556}") = "Lab08-Collections", "Lab08-Collections\Lab08-Collections.csproj", "{AA9005EE-3148-40C7-9762-D4EEC429667A}"
EndProject
Project("{9A19103F-16F7-4668-BE54-9A1E7A4F7556}") = "Lab08UnitTests", "Lab08UnitTests\Lab08UnitTests.csproj", "{BB041E7E-7AE1-436A-BC2F-F9A91222051A}"
	ProjectSection(ProjectDependencies) = postProject
		{AA9005EE-3148-40C7-9762-D4EEC429667A} = {AA9005EE-3148-40C7-9762-D4EEC429667A}
	EndProjectSection
EndProject
Project("{2150E333-8FDC-42A3-9474-1A3956D46DE8}") = "Solution Items", "Solution Items", "{72378E8D-9EFC-4F0D-9738-D602B7FFE055}"
	ProjectSection(SolutionItems) = preProject
		README.md = README.md
	EndProjectSection
EndProject
Global
	GlobalSection(SolutionConfigurationPlatforms) = preSolution
		Debug|Any CPU = Debug|Any CPU
		Release|Any CPU = Release|Any CPU
	EndGlobalSection
	GlobalSection(ProjectConfigurationPlatforms) = postSolution
		{AA9005EE-3148-40C7-9762-D4EEC429667A}.Debug|Any CPU.ActiveCfg = Debug|Any CPU
		{AA9005EE-3148-40C7-9762-D4EEC429667A}.Debug|Any CPU.Build.0 = Debug|Any CPU
		{AA9005EE-3148-40C7-9762-D4EEC429667A}.Release|Any CPU.ActiveCfg = Release|Any CPU
		{AA9005EE-3148-40C7-9762-D4EEC429667A}.Release|Any CPU.Build.0 = Release|Any CPU
		{BB041E7E-7AE1-436A-BC2F-F9A91222051A}.Debug|Any CPU.ActiveCfg = Debug|Any CPU
		{BB041E7E-7AE1-436A-BC2F-F9A91222051A}.Debug|Any CPU.Build.0 = Debug|Any CPU
		{BB041E7E-7AE1-436A-BC2F-F9A91222051A}.Release|Any CPU.ActiveCfg = Release|Any CPU
		{BB041E7E-7AE1-436A-BC2F-F9A91222051A}.Release|Any CPU.Build.0 = Release|Any CPU
	EndGlobalSection
	GlobalSection(SolutionProperties) = preSolution
		HideSolutionNode = FALSE
	EndGlobalSection
	GlobalSection(ExtensibilityGlobals) = postSolution
		SolutionGuid = {B473E110-E380-41AB-805F-E79BCE04CC0A}
	EndGlobalSection
EndGlobal
